// !$*UTF8*$!
{
	archiveVersion = 1;
	classes = {
	};
	objectVersion = 56;
	objects = {

/* Begin PBXBuildFile section */
		9DA03A18294FFF1C003BD83D /* newRSS.swift in Sources */ = {isa = PBXBuildFile; fileRef = 9DA03A17294FFF1C003BD83D /* newRSS.swift */; };
		9DCC4D6E2984C9AB005465D4 /* LiveAudioPlayer.swift in Sources */ = {isa = PBXBuildFile; fileRef = 9DCC4D6D2984C9AB005465D4 /* LiveAudioPlayer.swift */; };
		9DCC4D712984DF0E005465D4 /* FirebaseAnalytics in Frameworks */ = {isa = PBXBuildFile; productRef = 9DCC4D702984DF0E005465D4 /* FirebaseAnalytics */; };
		9DCC4D732984DF0E005465D4 /* FirebaseAnalyticsSwift in Frameworks */ = {isa = PBXBuildFile; productRef = 9DCC4D722984DF0E005465D4 /* FirebaseAnalyticsSwift */; };
		9DCC4D752984DF0E005465D4 /* FirebaseInstallations in Frameworks */ = {isa = PBXBuildFile; productRef = 9DCC4D742984DF0E005465D4 /* FirebaseInstallations */; };
		9DCC4D772984DF0E005465D4 /* FirebaseMessaging in Frameworks */ = {isa = PBXBuildFile; productRef = 9DCC4D762984DF0E005465D4 /* FirebaseMessaging */; };
		9DCC4D7D2984EAD8005465D4 /* MediaPlayer.framework in Frameworks */ = {isa = PBXBuildFile; fileRef = 9DCC4D7C2984EAD8005465D4 /* MediaPlayer.framework */; };
		9DCC4D7F29860B30005465D4 /* GoogleService-Info.plist in Resources */ = {isa = PBXBuildFile; fileRef = 9DCC4D7E29860B30005465D4 /* GoogleService-Info.plist */; };
		9DE9AAD72909D53D003C988A /* iAccessibilityApp.swift in Sources */ = {isa = PBXBuildFile; fileRef = 9DE9AAD62909D53D003C988A /* iAccessibilityApp.swift */; };
		9DE9AAD92909D53D003C988A /* ContentView.swift in Sources */ = {isa = PBXBuildFile; fileRef = 9DE9AAD82909D53D003C988A /* ContentView.swift */; };
		9DE9AADB2909D53E003C988A /* Assets.xcassets in Resources */ = {isa = PBXBuildFile; fileRef = 9DE9AADA2909D53E003C988A /* Assets.xcassets */; };
		9DE9AADE2909D53E003C988A /* Preview Assets.xcassets in Resources */ = {isa = PBXBuildFile; fileRef = 9DE9AADD2909D53E003C988A /* Preview Assets.xcassets */; };
		9DE9AAE52909D879003C988A /* HomeView.swift in Sources */ = {isa = PBXBuildFile; fileRef = 9DE9AAE42909D879003C988A /* HomeView.swift */; };
		9DE9AAE72909D891003C988A /* ReportView.swift in Sources */ = {isa = PBXBuildFile; fileRef = 9DE9AAE62909D891003C988A /* ReportView.swift */; };
		9DE9AAE92909D8A2003C988A /* iACastView.swift in Sources */ = {isa = PBXBuildFile; fileRef = 9DE9AAE82909D8A2003C988A /* iACastView.swift */; };
		9DE9AAEB2909DD13003C988A /* AudioPlayerView.swift in Sources */ = {isa = PBXBuildFile; fileRef = 9DE9AAEA2909DD13003C988A /* AudioPlayerView.swift */; };
		9DE9AAED2909E015003C988A /* FeedParser.swift in Sources */ = {isa = PBXBuildFile; fileRef = 9DE9AAEC2909E015003C988A /* FeedParser.swift */; };
		9DE9AAEF290A0C71003C988A /* ArticleData.swift in Sources */ = {isa = PBXBuildFile; fileRef = 9DE9AAEE290A0C71003C988A /* ArticleData.swift */; };
		9DE9AAF6290BFDC7003C988A /* DetailView.swift in Sources */ = {isa = PBXBuildFile; fileRef = 9DE9AAF5290BFDC7003C988A /* DetailView.swift */; };
		9DEBE614290F794A0050454D /* ImageView.swift in Sources */ = {isa = PBXBuildFile; fileRef = 9DEBE613290F794A0050454D /* ImageView.swift */; };
		9DEBE616290F79690050454D /* ImageLoader.swift in Sources */ = {isa = PBXBuildFile; fileRef = 9DEBE615290F79690050454D /* ImageLoader.swift */; };
/* End PBXBuildFile section */

/* Begin PBXFileReference section */
		9DA03A17294FFF1C003BD83D /* newRSS.swift */ = {isa = PBXFileReference; lastKnownFileType = sourcecode.swift; path = newRSS.swift; sourceTree = "<group>"; };
		9DCC4D6D2984C9AB005465D4 /* LiveAudioPlayer.swift */ = {isa = PBXFileReference; lastKnownFileType = sourcecode.swift; path = LiveAudioPlayer.swift; sourceTree = "<group>"; };
		9DCC4D7A2984E691005465D4 /* Info.plist */ = {isa = PBXFileReference; lastKnownFileType = text.plist; path = Info.plist; sourceTree = "<group>"; };
		9DCC4D7C2984EAD8005465D4 /* MediaPlayer.framework */ = {isa = PBXFileReference; lastKnownFileType = wrapper.framework; name = MediaPlayer.framework; path = System/Library/Frameworks/MediaPlayer.framework; sourceTree = SDKROOT; };
		9DCC4D7E29860B30005465D4 /* GoogleService-Info.plist */ = {isa = PBXFileReference; fileEncoding = 4; lastKnownFileType = text.plist.xml; path = "GoogleService-Info.plist"; sourceTree = "<group>"; };
		9DE9AAD32909D53D003C988A /* iAccessibility.app */ = {isa = PBXFileReference; explicitFileType = wrapper.application; includeInIndex = 0; path = iAccessibility.app; sourceTree = BUILT_PRODUCTS_DIR; };
		9DE9AAD62909D53D003C988A /* iAccessibilityApp.swift */ = {isa = PBXFileReference; lastKnownFileType = sourcecode.swift; path = iAccessibilityApp.swift; sourceTree = "<group>"; };
		9DE9AAD82909D53D003C988A /* ContentView.swift */ = {isa = PBXFileReference; lastKnownFileType = sourcecode.swift; path = ContentView.swift; sourceTree = "<group>"; };
		9DE9AADA2909D53E003C988A /* Assets.xcassets */ = {isa = PBXFileReference; lastKnownFileType = folder.assetcatalog; path = Assets.xcassets; sourceTree = "<group>"; };
		9DE9AADD2909D53E003C988A /* Preview Assets.xcassets */ = {isa = PBXFileReference; lastKnownFileType = folder.assetcatalog; path = "Preview Assets.xcassets"; sourceTree = "<group>"; };
		9DE9AAE42909D879003C988A /* HomeView.swift */ = {isa = PBXFileReference; lastKnownFileType = sourcecode.swift; path = HomeView.swift; sourceTree = "<group>"; };
		9DE9AAE62909D891003C988A /* ReportView.swift */ = {isa = PBXFileReference; lastKnownFileType = sourcecode.swift; path = ReportView.swift; sourceTree = "<group>"; };
		9DE9AAE82909D8A2003C988A /* iACastView.swift */ = {isa = PBXFileReference; lastKnownFileType = sourcecode.swift; path = iACastView.swift; sourceTree = "<group>"; };
		9DE9AAEA2909DD13003C988A /* AudioPlayerView.swift */ = {isa = PBXFileReference; lastKnownFileType = sourcecode.swift; path = AudioPlayerView.swift; sourceTree = "<group>"; };
		9DE9AAEC2909E015003C988A /* FeedParser.swift */ = {isa = PBXFileReference; lastKnownFileType = sourcecode.swift; path = FeedParser.swift; sourceTree = "<group>"; };
		9DE9AAEE290A0C71003C988A /* ArticleData.swift */ = {isa = PBXFileReference; lastKnownFileType = sourcecode.swift; path = ArticleData.swift; sourceTree = "<group>"; };
		9DE9AAF5290BFDC7003C988A /* DetailView.swift */ = {isa = PBXFileReference; lastKnownFileType = sourcecode.swift; path = DetailView.swift; sourceTree = "<group>"; };
		9DEBE613290F794A0050454D /* ImageView.swift */ = {isa = PBXFileReference; lastKnownFileType = sourcecode.swift; path = ImageView.swift; sourceTree = "<group>"; };
		9DEBE615290F79690050454D /* ImageLoader.swift */ = {isa = PBXFileReference; lastKnownFileType = sourcecode.swift; path = ImageLoader.swift; sourceTree = "<group>"; };
		9DEBE617290F7F030050454D /* iAccessibility.entitlements */ = {isa = PBXFileReference; lastKnownFileType = text.plist.entitlements; path = iAccessibility.entitlements; sourceTree = "<group>"; };
/* End PBXFileReference section */

/* Begin PBXFrameworksBuildPhase section */
		9DE9AAD02909D53D003C988A /* Frameworks */ = {
			isa = PBXFrameworksBuildPhase;
			buildActionMask = 2147483647;
			files = (
				9DCC4D772984DF0E005465D4 /* FirebaseMessaging in Frameworks */,
				9DCC4D7D2984EAD8005465D4 /* MediaPlayer.framework in Frameworks */,
				9DCC4D752984DF0E005465D4 /* FirebaseInstallations in Frameworks */,
				9DCC4D732984DF0E005465D4 /* FirebaseAnalyticsSwift in Frameworks */,
				9DCC4D712984DF0E005465D4 /* FirebaseAnalytics in Frameworks */,
			);
			runOnlyForDeploymentPostprocessing = 0;
		};
/* End PBXFrameworksBuildPhase section */

/* Begin PBXGroup section */
		9DCC4D7B2984EAD8005465D4 /* Frameworks */ = {
			isa = PBXGroup;
			children = (
				9DCC4D7C2984EAD8005465D4 /* MediaPlayer.framework */,
			);
			name = Frameworks;
			sourceTree = "<group>";
		};
		9DE9AACA2909D53D003C988A = {
			isa = PBXGroup;
			children = (
				9DCC4D7E29860B30005465D4 /* GoogleService-Info.plist */,
				9DA03A17294FFF1C003BD83D /* newRSS.swift */,
				9DE9AAD52909D53D003C988A /* iAccessibility */,
				9DE9AAD42909D53D003C988A /* Products */,
				9DCC4D7B2984EAD8005465D4 /* Frameworks */,
			);
			sourceTree = "<group>";
		};
		9DE9AAD42909D53D003C988A /* Products */ = {
			isa = PBXGroup;
			children = (
				9DE9AAD32909D53D003C988A /* iAccessibility.app */,
			);
			name = Products;
			sourceTree = "<group>";
		};
		9DE9AAD52909D53D003C988A /* iAccessibility */ = {
			isa = PBXGroup;
			children = (
				9DCC4D7A2984E691005465D4 /* Info.plist */,
				9DEBE617290F7F030050454D /* iAccessibility.entitlements */,
				9DE9AAD62909D53D003C988A /* iAccessibilityApp.swift */,
				9DE9AAD82909D53D003C988A /* ContentView.swift */,
				9DCC4D6D2984C9AB005465D4 /* LiveAudioPlayer.swift */,
				9DE9AAEA2909DD13003C988A /* AudioPlayerView.swift */,
				9DE9AAE42909D879003C988A /* HomeView.swift */,
				9DE9AAE62909D891003C988A /* ReportView.swift */,
				9DE9AAE82909D8A2003C988A /* iACastView.swift */,
				9DE9AADA2909D53E003C988A /* Assets.xcassets */,
				9DE9AADC2909D53E003C988A /* Preview Content */,
				9DE9AAEC2909E015003C988A /* FeedParser.swift */,
				9DE9AAEE290A0C71003C988A /* ArticleData.swift */,
				9DE9AAF5290BFDC7003C988A /* DetailView.swift */,
				9DEBE613290F794A0050454D /* ImageView.swift */,
				9DEBE615290F79690050454D /* ImageLoader.swift */,
			);
			path = iAccessibility;
			sourceTree = "<group>";
		};
		9DE9AADC2909D53E003C988A /* Preview Content */ = {
			isa = PBXGroup;
			children = (
				9DE9AADD2909D53E003C988A /* Preview Assets.xcassets */,
			);
			path = "Preview Content";
			sourceTree = "<group>";
		};
/* End PBXGroup section */

/* Begin PBXNativeTarget section */
		9DE9AAD22909D53D003C988A /* iAccessibility */ = {
			isa = PBXNativeTarget;
			buildConfigurationList = 9DE9AAE12909D53E003C988A /* Build configuration list for PBXNativeTarget "iAccessibility" */;
			buildPhases = (
				9DE9AACF2909D53D003C988A /* Sources */,
				9DE9AAD02909D53D003C988A /* Frameworks */,
				9DE9AAD12909D53D003C988A /* Resources */,
			);
			buildRules = (
			);
			dependencies = (
			);
			name = iAccessibility;
			packageProductDependencies = (
				9DCC4D702984DF0E005465D4 /* FirebaseAnalytics */,
				9DCC4D722984DF0E005465D4 /* FirebaseAnalyticsSwift */,
				9DCC4D742984DF0E005465D4 /* FirebaseInstallations */,
				9DCC4D762984DF0E005465D4 /* FirebaseMessaging */,
			);
			productName = iAccessibility;
			productReference = 9DE9AAD32909D53D003C988A /* iAccessibility.app */;
			productType = "com.apple.product-type.application";
		};
/* End PBXNativeTarget section */

/* Begin PBXProject section */
		9DE9AACB2909D53D003C988A /* Project object */ = {
			isa = PBXProject;
			attributes = {
				BuildIndependentTargetsInParallel = 1;
				LastSwiftUpdateCheck = 1400;
				LastUpgradeCheck = 1400;
				TargetAttributes = {
					9DE9AAD22909D53D003C988A = {
						CreatedOnToolsVersion = 14.0.1;
					};
				};
			};
			buildConfigurationList = 9DE9AACE2909D53D003C988A /* Build configuration list for PBXProject "iAccessibility" */;
			compatibilityVersion = "Xcode 14.0";
			developmentRegion = en;
			hasScannedForEncodings = 0;
			knownRegions = (
				en,
				Base,
			);
			mainGroup = 9DE9AACA2909D53D003C988A;
			packageReferences = (
				9DCC4D6F2984DF0D005465D4 /* XCRemoteSwiftPackageReference "firebase-ios-sdk" */,
			);
			productRefGroup = 9DE9AAD42909D53D003C988A /* Products */;
			projectDirPath = "";
			projectRoot = "";
			targets = (
				9DE9AAD22909D53D003C988A /* iAccessibility */,
			);
		};
/* End PBXProject section */

/* Begin PBXResourcesBuildPhase section */
		9DE9AAD12909D53D003C988A /* Resources */ = {
			isa = PBXResourcesBuildPhase;
			buildActionMask = 2147483647;
			files = (
				9DE9AADE2909D53E003C988A /* Preview Assets.xcassets in Resources */,
				9DCC4D7F29860B30005465D4 /* GoogleService-Info.plist in Resources */,
				9DE9AADB2909D53E003C988A /* Assets.xcassets in Resources */,
			);
			runOnlyForDeploymentPostprocessing = 0;
		};
/* End PBXResourcesBuildPhase section */

/* Begin PBXSourcesBuildPhase section */
		9DE9AACF2909D53D003C988A /* Sources */ = {
			isa = PBXSourcesBuildPhase;
			buildActionMask = 2147483647;
			files = (
				9DEBE614290F794A0050454D /* ImageView.swift in Sources */,
				9DA03A18294FFF1C003BD83D /* newRSS.swift in Sources */,
				9DE9AAE52909D879003C988A /* HomeView.swift in Sources */,
				9DCC4D6E2984C9AB005465D4 /* LiveAudioPlayer.swift in Sources */,
				9DE9AAF6290BFDC7003C988A /* DetailView.swift in Sources */,
				9DE9AAD92909D53D003C988A /* ContentView.swift in Sources */,
				9DE9AAEF290A0C71003C988A /* ArticleData.swift in Sources */,
				9DEBE616290F79690050454D /* ImageLoader.swift in Sources */,
				9DE9AAEB2909DD13003C988A /* AudioPlayerView.swift in Sources */,
				9DE9AAED2909E015003C988A /* FeedParser.swift in Sources */,
				9DE9AAE92909D8A2003C988A /* iACastView.swift in Sources */,
				9DE9AAE72909D891003C988A /* ReportView.swift in Sources */,
				9DE9AAD72909D53D003C988A /* iAccessibilityApp.swift in Sources */,
			);
			runOnlyForDeploymentPostprocessing = 0;
		};
/* End PBXSourcesBuildPhase section */

/* Begin XCBuildConfiguration section */
		9DE9AADF2909D53E003C988A /* Debug */ = {
			isa = XCBuildConfiguration;
			buildSettings = {
				ALWAYS_SEARCH_USER_PATHS = NO;
				CLANG_ANALYZER_NONNULL = YES;
				CLANG_ANALYZER_NUMBER_OBJECT_CONVERSION = YES_AGGRESSIVE;
				CLANG_CXX_LANGUAGE_STANDARD = "gnu++20";
				CLANG_ENABLE_MODULES = YES;
				CLANG_ENABLE_OBJC_ARC = YES;
				CLANG_ENABLE_OBJC_WEAK = YES;
				CLANG_WARN_BLOCK_CAPTURE_AUTORELEASING = YES;
				CLANG_WARN_BOOL_CONVERSION = YES;
				CLANG_WARN_COMMA = YES;
				CLANG_WARN_CONSTANT_CONVERSION = YES;
				CLANG_WARN_DEPRECATED_OBJC_IMPLEMENTATIONS = YES;
				CLANG_WARN_DIRECT_OBJC_ISA_USAGE = YES_ERROR;
				CLANG_WARN_DOCUMENTATION_COMMENTS = YES;
				CLANG_WARN_EMPTY_BODY = YES;
				CLANG_WARN_ENUM_CONVERSION = YES;
				CLANG_WARN_INFINITE_RECURSION = YES;
				CLANG_WARN_INT_CONVERSION = YES;
				CLANG_WARN_NON_LITERAL_NULL_CONVERSION = YES;
				CLANG_WARN_OBJC_IMPLICIT_RETAIN_SELF = YES;
				CLANG_WARN_OBJC_LITERAL_CONVERSION = YES;
				CLANG_WARN_OBJC_ROOT_CLASS = YES_ERROR;
				CLANG_WARN_QUOTED_INCLUDE_IN_FRAMEWORK_HEADER = YES;
				CLANG_WARN_RANGE_LOOP_ANALYSIS = YES;
				CLANG_WARN_STRICT_PROTOTYPES = YES;
				CLANG_WARN_SUSPICIOUS_MOVE = YES;
				CLANG_WARN_UNGUARDED_AVAILABILITY = YES_AGGRESSIVE;
				CLANG_WARN_UNREACHABLE_CODE = YES;
				CLANG_WARN__DUPLICATE_METHOD_MATCH = YES;
				COPY_PHASE_STRIP = NO;
				DEBUG_INFORMATION_FORMAT = dwarf;
				ENABLE_STRICT_OBJC_MSGSEND = YES;
				ENABLE_TESTABILITY = YES;
				GCC_C_LANGUAGE_STANDARD = gnu11;
				GCC_DYNAMIC_NO_PIC = NO;
				GCC_NO_COMMON_BLOCKS = YES;
				GCC_OPTIMIZATION_LEVEL = 0;
				GCC_PREPROCESSOR_DEFINITIONS = (
					"DEBUG=1",
					"$(inherited)",
				);
				GCC_WARN_64_TO_32_BIT_CONVERSION = YES;
				GCC_WARN_ABOUT_RETURN_TYPE = YES_ERROR;
				GCC_WARN_UNDECLARED_SELECTOR = YES;
				GCC_WARN_UNINITIALIZED_AUTOS = YES_AGGRESSIVE;
				GCC_WARN_UNUSED_FUNCTION = YES;
				GCC_WARN_UNUSED_VARIABLE = YES;
				IPHONEOS_DEPLOYMENT_TARGET = 16.0;
				MTL_ENABLE_DEBUG_INFO = INCLUDE_SOURCE;
				MTL_FAST_MATH = YES;
				ONLY_ACTIVE_ARCH = YES;
				SDKROOT = iphoneos;
				SWIFT_ACTIVE_COMPILATION_CONDITIONS = DEBUG;
				SWIFT_OPTIMIZATION_LEVEL = "-Onone";
			};
			name = Debug;
		};
		9DE9AAE02909D53E003C988A /* Release */ = {
			isa = XCBuildConfiguration;
			buildSettings = {
				ALWAYS_SEARCH_USER_PATHS = NO;
				CLANG_ANALYZER_NONNULL = YES;
				CLANG_ANALYZER_NUMBER_OBJECT_CONVERSION = YES_AGGRESSIVE;
				CLANG_CXX_LANGUAGE_STANDARD = "gnu++20";
				CLANG_ENABLE_MODULES = YES;
				CLANG_ENABLE_OBJC_ARC = YES;
				CLANG_ENABLE_OBJC_WEAK = YES;
				CLANG_WARN_BLOCK_CAPTURE_AUTORELEASING = YES;
				CLANG_WARN_BOOL_CONVERSION = YES;
				CLANG_WARN_COMMA = YES;
				CLANG_WARN_CONSTANT_CONVERSION = YES;
				CLANG_WARN_DEPRECATED_OBJC_IMPLEMENTATIONS = YES;
				CLANG_WARN_DIRECT_OBJC_ISA_USAGE = YES_ERROR;
				CLANG_WARN_DOCUMENTATION_COMMENTS = YES;
				CLANG_WARN_EMPTY_BODY = YES;
				CLANG_WARN_ENUM_CONVERSION = YES;
				CLANG_WARN_INFINITE_RECURSION = YES;
				CLANG_WARN_INT_CONVERSION = YES;
				CLANG_WARN_NON_LITERAL_NULL_CONVERSION = YES;
				CLANG_WARN_OBJC_IMPLICIT_RETAIN_SELF = YES;
				CLANG_WARN_OBJC_LITERAL_CONVERSION = YES;
				CLANG_WARN_OBJC_ROOT_CLASS = YES_ERROR;
				CLANG_WARN_QUOTED_INCLUDE_IN_FRAMEWORK_HEADER = YES;
				CLANG_WARN_RANGE_LOOP_ANALYSIS = YES;
				CLANG_WARN_STRICT_PROTOTYPES = YES;
				CLANG_WARN_SUSPICIOUS_MOVE = YES;
				CLANG_WARN_UNGUARDED_AVAILABILITY = YES_AGGRESSIVE;
				CLANG_WARN_UNREACHABLE_CODE = YES;
				CLANG_WARN__DUPLICATE_METHOD_MATCH = YES;
				COPY_PHASE_STRIP = NO;
				DEBUG_INFORMATION_FORMAT = "dwarf-with-dsym";
				ENABLE_NS_ASSERTIONS = NO;
				ENABLE_STRICT_OBJC_MSGSEND = YES;
				GCC_C_LANGUAGE_STANDARD = gnu11;
				GCC_NO_COMMON_BLOCKS = YES;
				GCC_WARN_64_TO_32_BIT_CONVERSION = YES;
				GCC_WARN_ABOUT_RETURN_TYPE = YES_ERROR;
				GCC_WARN_UNDECLARED_SELECTOR = YES;
				GCC_WARN_UNINITIALIZED_AUTOS = YES_AGGRESSIVE;
				GCC_WARN_UNUSED_FUNCTION = YES;
				GCC_WARN_UNUSED_VARIABLE = YES;
				IPHONEOS_DEPLOYMENT_TARGET = 16.0;
				MTL_ENABLE_DEBUG_INFO = NO;
				MTL_FAST_MATH = YES;
				SDKROOT = iphoneos;
				SWIFT_COMPILATION_MODE = wholemodule;
				SWIFT_OPTIMIZATION_LEVEL = "-O";
				VALIDATE_PRODUCT = YES;
			};
			name = Release;
		};
		9DE9AAE22909D53E003C988A /* Debug */ = {
			isa = XCBuildConfiguration;
			buildSettings = {
				ASSETCATALOG_COMPILER_APPICON_NAME = AppIcon;
				ASSETCATALOG_COMPILER_GLOBAL_ACCENT_COLOR_NAME = AccentColor;
				CODE_SIGN_ENTITLEMENTS = iAccessibility/iAccessibility.entitlements;
				CODE_SIGN_STYLE = Automatic;
				CURRENT_PROJECT_VERSION = 1;
				DEVELOPMENT_ASSET_PATHS = "\"iAccessibility/Preview Content\"";
				DEVELOPMENT_TEAM = M9SNPTXA44;
				ENABLE_PREVIEWS = YES;
				GENERATE_INFOPLIST_FILE = YES;
				INFOPLIST_FILE = iAccessibility/Info.plist;
				INFOPLIST_KEY_CFBundleDisplayName = iAccessibility;
				INFOPLIST_KEY_LSApplicationCategoryType = "public.app-category.lifestyle";
				INFOPLIST_KEY_NSAppleMusicUsageDescription = "iAccessibility would like to show you now playing information about audio content. ";
				INFOPLIST_KEY_UIApplicationSceneManifest_Generation = YES;
				INFOPLIST_KEY_UIApplicationSupportsIndirectInputEvents = YES;
				INFOPLIST_KEY_UILaunchScreen_Generation = YES;
				INFOPLIST_KEY_UISupportedInterfaceOrientations_iPad = "UIInterfaceOrientationPortrait UIInterfaceOrientationPortraitUpsideDown UIInterfaceOrientationLandscapeLeft UIInterfaceOrientationLandscapeRight";
				INFOPLIST_KEY_UISupportedInterfaceOrientations_iPhone = "UIInterfaceOrientationPortrait UIInterfaceOrientationLandscapeLeft UIInterfaceOrientationLandscapeRight";
				IPHONEOS_DEPLOYMENT_TARGET = 16.0;
				LD_RUNPATH_SEARCH_PATHS = (
					"$(inherited)",
					"@executable_path/Frameworks",
				);
				MARKETING_VERSION = 2.0;
				PRODUCT_BUNDLE_IDENTIFIER = online.techopolis.iAccessibility;
				PRODUCT_NAME = "$(TARGET_NAME)";
				SUPPORTED_PLATFORMS = "iphoneos iphonesimulator";
				SUPPORTS_MACCATALYST = NO;
				SUPPORTS_MAC_DESIGNED_FOR_IPHONE_IPAD = YES;
				SWIFT_EMIT_LOC_STRINGS = YES;
				SWIFT_VERSION = 5.0;
				TARGETED_DEVICE_FAMILY = "1,2";
			};
			name = Debug;
		};
		9DE9AAE32909D53E003C988A /* Release */ = {
			isa = XCBuildConfiguration;
			buildSettings = {
				ASSETCATALOG_COMPILER_APPICON_NAME = AppIcon;
				ASSETCATALOG_COMPILER_GLOBAL_ACCENT_COLOR_NAME = AccentColor;
				CODE_SIGN_ENTITLEMENTS = iAccessibility/iAccessibility.entitlements;
				CODE_SIGN_STYLE = Automatic;
				CURRENT_PROJECT_VERSION = 1;
				DEVELOPMENT_ASSET_PATHS = "\"iAccessibility/Preview Content\"";
				DEVELOPMENT_TEAM = M9SNPTXA44;
				ENABLE_PREVIEWS = YES;
				GENERATE_INFOPLIST_FILE = YES;
				INFOPLIST_FILE = iAccessibility/Info.plist;
				INFOPLIST_KEY_CFBundleDisplayName = iAccessibility;
				INFOPLIST_KEY_LSApplicationCategoryType = "public.app-category.lifestyle";
				INFOPLIST_KEY_NSAppleMusicUsageDescription = "iAccessibility would like to show you now playing information about audio content. ";
				INFOPLIST_KEY_UIApplicationSceneManifest_Generation = YES;
				INFOPLIST_KEY_UIApplicationSupportsIndirectInputEvents = YES;
				INFOPLIST_KEY_UILaunchScreen_Generation = YES;
				INFOPLIST_KEY_UISupportedInterfaceOrientations_iPad = "UIInterfaceOrientationPortrait UIInterfaceOrientationPortraitUpsideDown UIInterfaceOrientationLandscapeLeft UIInterfaceOrientationLandscapeRight";
				INFOPLIST_KEY_UISupportedInterfaceOrientations_iPhone = "UIInterfaceOrientationPortrait UIInterfaceOrientationLandscapeLeft UIInterfaceOrientationLandscapeRight";
				IPHONEOS_DEPLOYMENT_TARGET = 16.0;
				LD_RUNPATH_SEARCH_PATHS = (
					"$(inherited)",
					"@executable_path/Frameworks",
				);
				MARKETING_VERSION = 2.0;
				PRODUCT_BUNDLE_IDENTIFIER = online.techopolis.iAccessibility;
				PRODUCT_NAME = "$(TARGET_NAME)";
				SUPPORTED_PLATFORMS = "iphoneos iphonesimulator";
				SUPPORTS_MACCATALYST = NO;
				SUPPORTS_MAC_DESIGNED_FOR_IPHONE_IPAD = YES;
				SWIFT_EMIT_LOC_STRINGS = YES;
				SWIFT_VERSION = 5.0;
				TARGETED_DEVICE_FAMILY = "1,2";
			};
			name = Release;
		};
/* End XCBuildConfiguration section */

/* Begin XCConfigurationList section */
		9DE9AACE2909D53D003C988A /* Build configuration list for PBXProject "iAccessibility" */ = {
			isa = XCConfigurationList;
			buildConfigurations = (
				9DE9AADF2909D53E003C988A /* Debug */,
				9DE9AAE02909D53E003C988A /* Release */,
			);
			defaultConfigurationIsVisible = 0;
			defaultConfigurationName = Release;
		};
		9DE9AAE12909D53E003C988A /* Build configuration list for PBXNativeTarget "iAccessibility" */ = {
			isa = XCConfigurationList;
			buildConfigurations = (
				9DE9AAE22909D53E003C988A /* Debug */,
				9DE9AAE32909D53E003C988A /* Release */,
			);
			defaultConfigurationIsVisible = 0;
			defaultConfigurationName = Release;
		};
/* End XCConfigurationList section */

/* Begin XCRemoteSwiftPackageReference section */
		9DCC4D6F2984DF0D005465D4 /* XCRemoteSwiftPackageReference "firebase-ios-sdk" */ = {
			isa = XCRemoteSwiftPackageReference;
			repositoryURL = "https://github.com/firebase/firebase-ios-sdk.git";
			requirement = {
				kind = upToNextMajorVersion;
				minimumVersion = 9.0.0;
			};
		};
/* End XCRemoteSwiftPackageReference section */

/* Begin XCSwiftPackageProductDependency section */
		9DCC4D702984DF0E005465D4 /* FirebaseAnalytics */ = {
			isa = XCSwiftPackageProductDependency;
			package = 9DCC4D6F2984DF0D005465D4 /* XCRemoteSwiftPackageReference "firebase-ios-sdk" */;
			productName = FirebaseAnalytics;
		};
		9DCC4D722984DF0E005465D4 /* FirebaseAnalyticsSwift */ = {
			isa = XCSwiftPackageProductDependency;
			package = 9DCC4D6F2984DF0D005465D4 /* XCRemoteSwiftPackageReference "firebase-ios-sdk" */;
			productName = FirebaseAnalyticsSwift;
		};
		9DCC4D742984DF0E005465D4 /* FirebaseInstallations */ = {
			isa = XCSwiftPackageProductDependency;
			package = 9DCC4D6F2984DF0D005465D4 /* XCRemoteSwiftPackageReference "firebase-ios-sdk" */;
			productName = FirebaseInstallations;
		};
		9DCC4D762984DF0E005465D4 /* FirebaseMessaging */ = {
			isa = XCSwiftPackageProductDependency;
			package = 9DCC4D6F2984DF0D005465D4 /* XCRemoteSwiftPackageReference "firebase-ios-sdk" */;
			productName = FirebaseMessaging;
		};
/* End XCSwiftPackageProductDependency section */
	};
	rootObject = 9DE9AACB2909D53D003C988A /* Project object */;
}
